
Microsoft Visual Studio Solution File, Format Version 12.00
# Visual Studio 15
VisualStudioVersion = 15.0.28010.2019
MinimumVisualStudioVersion = 10.0.40219.1
Project("{9A19103F-16F7-4668-BE54-9A1E7A4F7556}") = "Assignment3", "Assignment3\Assignment3.csproj", "{1637B60A-CE6B-427B-B76D-042BB357B253}"
EndProject
Global
	GlobalSection(SolutionConfigurationPlatforms) = preSolution
		Debug|Any CPU = Debug|Any CPU
		Release|Any CPU = Release|Any CPU
	EndGlobalSection
	GlobalSection(ProjectConfigurationPlatforms) = postSolution
		{1637B60A-CE6B-427B-B76D-042BB357B253}.Debug|Any CPU.ActiveCfg = Debug|Any CPU
		{1637B60A-CE6B-427B-B76D-042BB357B253}.Debug|Any CPU.Build.0 = Debug|Any CPU
		{1637B60A-CE6B-427B-B76D-042BB357B253}.Release|Any CPU.ActiveCfg = Release|Any CPU
		{1637B60A-CE6B-427B-B76D-042BB357B253}.Release|Any CPU.Build.0 = Release|Any CPU
	EndGlobalSection
	GlobalSection(SolutionProperties) = preSolution
		HideSolutionNode = FALSE
	EndGlobalSection
	GlobalSection(ExtensibilityGlobals) = postSolution
		SolutionGuid = {9901D546-1ABD-45D0-89E0-B85829A7B0FD}
	EndGlobalSection
EndGlobal
